
Microsoft Visual Studio Solution File, Format Version 12.00
# Visual Studio 15
VisualStudioVersion = 15.0.28307.1705
MinimumVisualStudioVersion = 10.0.40219.1
Project("{8BC9CEB8-8B4A-11D0-8D11-00A0C91BC942}") = "HW", "HW\HW.vcxproj", "{284D7ECC-D925-40E0-800C-55FCE5401838}"
EndProject
Global
	GlobalSection(SolutionConfigurationPlatforms) = preSolution
		Debug|x64 = Debug|x64
		Debug|x86 = Debug|x86
		Release|x64 = Release|x64
		Release|x86 = Release|x86
	EndGlobalSection
	GlobalSection(ProjectConfigurationPlatforms) = postSolution
		{284D7ECC-D925-40E0-800C-55FCE5401838}.Debug|x64.ActiveCfg = Debug|x64
		{284D7ECC-D925-40E0-800C-55FCE5401838}.Debug|x64.Build.0 = Debug|x64
		{284D7ECC-D925-40E0-800C-55FCE5401838}.Debug|x86.ActiveCfg = Debug|Win32
		{284D7ECC-D925-40E0-800C-55FCE5401838}.Debug|x86.Build.0 = Debug|Win32
		{284D7ECC-D925-40E0-800C-55FCE5401838}.Release|x64.ActiveCfg = Release|x64
		{284D7ECC-D925-40E0-800C-55FCE5401838}.Release|x64.Build.0 = Release|x64
		{284D7ECC-D925-40E0-800C-55FCE5401838}.Release|x86.ActiveCfg = Release|Win32
		{284D7ECC-D925-40E0-800C-55FCE5401838}.Release|x86.Build.0 = Release|Win32
	EndGlobalSection
	GlobalSection(SolutionProperties) = preSolution
		HideSolutionNode = FALSE
	EndGlobalSection
	GlobalSection(ExtensibilityGlobals) = postSolution
		SolutionGuid = {D80A5CF4-C84F-45A5-AA88-BE57162922DB}
	EndGlobalSection
EndGlobal
